// !$*UTF8*$!
{
	archiveVersion = 1;
	classes = {
	};
	objectVersion = 56;
	objects = {

/* Begin PBXBuildFile section */
		A63A0D7A294CFCAF0050C674 /* Tile.swift in Sources */ = {isa = PBXBuildFile; fileRef = A63A0D79294CFCAF0050C674 /* Tile.swift */; };
		A63A0D7C294CFFA30050C674 /* GameService.swift in Sources */ = {isa = PBXBuildFile; fileRef = A63A0D7B294CFFA30050C674 /* GameService.swift */; };
		A63A0D7E294CFFAD0050C674 /* VCDelegate.swift in Sources */ = {isa = PBXBuildFile; fileRef = A63A0D7D294CFFAD0050C674 /* VCDelegate.swift */; };
		A63A0D80294D076F0050C674 /* VCSegues.swift in Sources */ = {isa = PBXBuildFile; fileRef = A63A0D7F294D076F0050C674 /* VCSegues.swift */; };
		A63A0D82294D07AD0050C674 /* VCEffects.swift in Sources */ = {isa = PBXBuildFile; fileRef = A63A0D81294D07AD0050C674 /* VCEffects.swift */; };
		A665346A2946FFB4005AF40A /* VCGestures.swift in Sources */ = {isa = PBXBuildFile; fileRef = A66534692946FFB4005AF40A /* VCGestures.swift */; };
		A665346C29470072005AF40A /* Util.swift in Sources */ = {isa = PBXBuildFile; fileRef = A665346B29470072005AF40A /* Util.swift */; };
		A665346E2947A579005AF40A /* VCGameplay.swift in Sources */ = {isa = PBXBuildFile; fileRef = A665346D2947A579005AF40A /* VCGameplay.swift */; };
		A66534702947A5F8005AF40A /* Defaults.swift in Sources */ = {isa = PBXBuildFile; fileRef = A665346F2947A5F8005AF40A /* Defaults.swift */; };
		A66534722947A6E0005AF40A /* Colors.swift in Sources */ = {isa = PBXBuildFile; fileRef = A66534712947A6E0005AF40A /* Colors.swift */; };
		A66534742947A85A005AF40A /* VCButtons.swift in Sources */ = {isa = PBXBuildFile; fileRef = A66534732947A85A005AF40A /* VCButtons.swift */; };
		A66534762947ABCD005AF40A /* VCVisuals.swift in Sources */ = {isa = PBXBuildFile; fileRef = A66534752947ABCD005AF40A /* VCVisuals.swift */; };
		A665348D2947D884005AF40A /* Grids.storyboard in Resources */ = {isa = PBXBuildFile; fileRef = A665348B2947D884005AF40A /* Grids.storyboard */; };
		A69C6B1C29452CA3008F87E1 /* AppDelegate.swift in Sources */ = {isa = PBXBuildFile; fileRef = A69C6B1B29452CA3008F87E1 /* AppDelegate.swift */; };
		A69C6B1E29452CA3008F87E1 /* SceneDelegate.swift in Sources */ = {isa = PBXBuildFile; fileRef = A69C6B1D29452CA3008F87E1 /* SceneDelegate.swift */; };
		A69C6B2029452CA3008F87E1 /* ViewController.swift in Sources */ = {isa = PBXBuildFile; fileRef = A69C6B1F29452CA3008F87E1 /* ViewController.swift */; };
		A69C6B2329452CA3008F87E1 /* Main.storyboard in Resources */ = {isa = PBXBuildFile; fileRef = A69C6B2129452CA3008F87E1 /* Main.storyboard */; };
		A69C6B2529452CA5008F87E1 /* Assets.xcassets in Resources */ = {isa = PBXBuildFile; fileRef = A69C6B2429452CA5008F87E1 /* Assets.xcassets */; };
		A69C6B2829452CA5008F87E1 /* LaunchScreen.storyboard in Resources */ = {isa = PBXBuildFile; fileRef = A69C6B2629452CA5008F87E1 /* LaunchScreen.storyboard */; };
		A69C6B3329452CA5008F87E1 /* TumbleTests.swift in Sources */ = {isa = PBXBuildFile; fileRef = A69C6B3229452CA5008F87E1 /* TumbleTests.swift */; };
		A69C6B3D29452CA5008F87E1 /* TumbleUITests.swift in Sources */ = {isa = PBXBuildFile; fileRef = A69C6B3C29452CA5008F87E1 /* TumbleUITests.swift */; };
		A69C6B3F29452CA5008F87E1 /* TumbleUITestsLaunchTests.swift in Sources */ = {isa = PBXBuildFile; fileRef = A69C6B3E29452CA5008F87E1 /* TumbleUITestsLaunchTests.swift */; };
		A6EA62F42947DADE007CA1CB /* Grids.swift in Sources */ = {isa = PBXBuildFile; fileRef = A6EA62F32947DADE007CA1CB /* Grids.swift */; };
		A6EFA2AD2947EA46003CC7CA /* GridsViewController.swift in Sources */ = {isa = PBXBuildFile; fileRef = A6EFA2AA2947EA46003CC7CA /* GridsViewController.swift */; };
		A6EFA2AE2947EA46003CC7CA /* GridsTableExtension.swift in Sources */ = {isa = PBXBuildFile; fileRef = A6EFA2AB2947EA46003CC7CA /* GridsTableExtension.swift */; };
		A6EFA2B5294A4883003CC7CA /* GridsTableViewCell.swift in Sources */ = {isa = PBXBuildFile; fileRef = A6EFA2B3294A4883003CC7CA /* GridsTableViewCell.swift */; };
		A6EFA2B6294A4883003CC7CA /* GridsTableViewCell.xib in Resources */ = {isa = PBXBuildFile; fileRef = A6EFA2B4294A4883003CC7CA /* GridsTableViewCell.xib */; };
		A6EFA2BB294BA450003CC7CA /* ColorsViewController.swift in Sources */ = {isa = PBXBuildFile; fileRef = A6EFA2BA294BA450003CC7CA /* ColorsViewController.swift */; };
		A6EFA2BD294BA478003CC7CA /* ColorsTableExtension.swift in Sources */ = {isa = PBXBuildFile; fileRef = A6EFA2BC294BA478003CC7CA /* ColorsTableExtension.swift */; };
		A6EFA2C0294BA4C2003CC7CA /* ColorsTableViewCell.swift in Sources */ = {isa = PBXBuildFile; fileRef = A6EFA2BE294BA4C2003CC7CA /* ColorsTableViewCell.swift */; };
		A6EFA2C1294BA4C2003CC7CA /* ColorsTableViewCell.xib in Resources */ = {isa = PBXBuildFile; fileRef = A6EFA2BF294BA4C2003CC7CA /* ColorsTableViewCell.xib */; };
		A6EFA2C3294BA4FB003CC7CA /* Colors.storyboard in Resources */ = {isa = PBXBuildFile; fileRef = A6EFA2C2294BA4FB003CC7CA /* Colors.storyboard */; };
		A6EFA2C6294BA65F003CC7CA /* BackTile.swift in Sources */ = {isa = PBXBuildFile; fileRef = A6EFA2C5294BA65F003CC7CA /* BackTile.swift */; };
		A6EFA2C8294BC732003CC7CA /* SettingsEnums.swift in Sources */ = {isa = PBXBuildFile; fileRef = A6EFA2C7294BC732003CC7CA /* SettingsEnums.swift */; };
		A6EFA2CA294BC852003CC7CA /* Settings.storyboard in Resources */ = {isa = PBXBuildFile; fileRef = A6EFA2C9294BC852003CC7CA /* Settings.storyboard */; };
		A6EFA2CC294BC87C003CC7CA /* SettingsViewController.swift in Sources */ = {isa = PBXBuildFile; fileRef = A6EFA2CB294BC87C003CC7CA /* SettingsViewController.swift */; };
		A6EFA2CE294BC881003CC7CA /* SettingsTableExtension.swift in Sources */ = {isa = PBXBuildFile; fileRef = A6EFA2CD294BC881003CC7CA /* SettingsTableExtension.swift */; };
		A6EFA2D0294BC887003CC7CA /* SettingsCell.swift in Sources */ = {isa = PBXBuildFile; fileRef = A6EFA2CF294BC887003CC7CA /* SettingsCell.swift */; };
		A6EFA2D2294C10DD003CC7CA /* BoardModel.swift in Sources */ = {isa = PBXBuildFile; fileRef = A6EFA2D1294C10DD003CC7CA /* BoardModel.swift */; };
		A6EFA2D6294CF0D9003CC7CA /* Constants.swift in Sources */ = {isa = PBXBuildFile; fileRef = A6EFA2D5294CF0D9003CC7CA /* Constants.swift */; };
		A6EFA2DA294CF7A3003CC7CA /* GameOverViewController.swift in Sources */ = {isa = PBXBuildFile; fileRef = A6EFA2D8294CF7A3003CC7CA /* GameOverViewController.swift */; };
		A6EFA2DB294CF7A3003CC7CA /* GameOver.storyboard in Resources */ = {isa = PBXBuildFile; fileRef = A6EFA2D9294CF7A3003CC7CA /* GameOver.storyboard */; };
		A6EFA2DF294CF7AA003CC7CA /* Confirmation.storyboard in Resources */ = {isa = PBXBuildFile; fileRef = A6EFA2DD294CF7AA003CC7CA /* Confirmation.storyboard */; };
		A6EFA2E0294CF7AA003CC7CA /* ConfirmationViewController.swift in Sources */ = {isa = PBXBuildFile; fileRef = A6EFA2DE294CF7AA003CC7CA /* ConfirmationViewController.swift */; };
/* End PBXBuildFile section */

/* Begin PBXContainerItemProxy section */
		A69C6B2F29452CA5008F87E1 /* PBXContainerItemProxy */ = {
			isa = PBXContainerItemProxy;
			containerPortal = A69C6B1029452CA3008F87E1 /* Project object */;
			proxyType = 1;
			remoteGlobalIDString = A69C6B1729452CA3008F87E1;
			remoteInfo = Tumble;
		};
		A69C6B3929452CA5008F87E1 /* PBXContainerItemProxy */ = {
			isa = PBXContainerItemProxy;
			containerPortal = A69C6B1029452CA3008F87E1 /* Project object */;
			proxyType = 1;
			remoteGlobalIDString = A69C6B1729452CA3008F87E1;
			remoteInfo = Tumble;
		};
/* End PBXContainerItemProxy section */

/* Begin PBXFileReference section */
		A63A0D79294CFCAF0050C674 /* Tile.swift */ = {isa = PBXFileReference; fileEncoding = 4; lastKnownFileType = sourcecode.swift; path = Tile.swift; sourceTree = "<group>"; };
		A63A0D7B294CFFA30050C674 /* GameService.swift */ = {isa = PBXFileReference; fileEncoding = 4; lastKnownFileType = sourcecode.swift; path = GameService.swift; sourceTree = "<group>"; };
		A63A0D7D294CFFAD0050C674 /* VCDelegate.swift */ = {isa = PBXFileReference; fileEncoding = 4; lastKnownFileType = sourcecode.swift; path = VCDelegate.swift; sourceTree = "<group>"; };
		A63A0D7F294D076F0050C674 /* VCSegues.swift */ = {isa = PBXFileReference; fileEncoding = 4; lastKnownFileType = sourcecode.swift; path = VCSegues.swift; sourceTree = "<group>"; };
		A63A0D81294D07AD0050C674 /* VCEffects.swift */ = {isa = PBXFileReference; fileEncoding = 4; lastKnownFileType = sourcecode.swift; path = VCEffects.swift; sourceTree = "<group>"; };
		A66534692946FFB4005AF40A /* VCGestures.swift */ = {isa = PBXFileReference; fileEncoding = 4; lastKnownFileType = sourcecode.swift; path = VCGestures.swift; sourceTree = "<group>"; };
		A665346B29470072005AF40A /* Util.swift */ = {isa = PBXFileReference; fileEncoding = 4; lastKnownFileType = sourcecode.swift; path = Util.swift; sourceTree = "<group>"; };
		A665346D2947A579005AF40A /* VCGameplay.swift */ = {isa = PBXFileReference; fileEncoding = 4; lastKnownFileType = sourcecode.swift; path = VCGameplay.swift; sourceTree = "<group>"; };
		A665346F2947A5F8005AF40A /* Defaults.swift */ = {isa = PBXFileReference; fileEncoding = 4; lastKnownFileType = sourcecode.swift; path = Defaults.swift; sourceTree = "<group>"; };
		A66534712947A6E0005AF40A /* Colors.swift */ = {isa = PBXFileReference; fileEncoding = 4; lastKnownFileType = sourcecode.swift; path = Colors.swift; sourceTree = "<group>"; };
		A66534732947A85A005AF40A /* VCButtons.swift */ = {isa = PBXFileReference; fileEncoding = 4; lastKnownFileType = sourcecode.swift; path = VCButtons.swift; sourceTree = "<group>"; };
		A66534752947ABCD005AF40A /* VCVisuals.swift */ = {isa = PBXFileReference; fileEncoding = 4; lastKnownFileType = sourcecode.swift; path = VCVisuals.swift; sourceTree = "<group>"; };
		A665348B2947D884005AF40A /* Grids.storyboard */ = {isa = PBXFileReference; fileEncoding = 4; lastKnownFileType = file.storyboard; path = Grids.storyboard; sourceTree = "<group>"; };
		A69C6B1829452CA3008F87E1 /* Tumble.app */ = {isa = PBXFileReference; explicitFileType = wrapper.application; includeInIndex = 0; path = Tumble.app; sourceTree = BUILT_PRODUCTS_DIR; };
		A69C6B1B29452CA3008F87E1 /* AppDelegate.swift */ = {isa = PBXFileReference; lastKnownFileType = sourcecode.swift; path = AppDelegate.swift; sourceTree = "<group>"; };
		A69C6B1D29452CA3008F87E1 /* SceneDelegate.swift */ = {isa = PBXFileReference; lastKnownFileType = sourcecode.swift; path = SceneDelegate.swift; sourceTree = "<group>"; };
		A69C6B1F29452CA3008F87E1 /* ViewController.swift */ = {isa = PBXFileReference; lastKnownFileType = sourcecode.swift; path = ViewController.swift; sourceTree = "<group>"; };
		A69C6B2229452CA3008F87E1 /* Base */ = {isa = PBXFileReference; lastKnownFileType = file.storyboard; name = Base; path = Base.lproj/Main.storyboard; sourceTree = "<group>"; };
		A69C6B2429452CA5008F87E1 /* Assets.xcassets */ = {isa = PBXFileReference; lastKnownFileType = folder.assetcatalog; path = Assets.xcassets; sourceTree = "<group>"; };
		A69C6B2729452CA5008F87E1 /* Base */ = {isa = PBXFileReference; lastKnownFileType = file.storyboard; name = Base; path = Base.lproj/LaunchScreen.storyboard; sourceTree = "<group>"; };
		A69C6B2929452CA5008F87E1 /* Info.plist */ = {isa = PBXFileReference; lastKnownFileType = text.plist.xml; path = Info.plist; sourceTree = "<group>"; };
		A69C6B2E29452CA5008F87E1 /* TumbleTests.xctest */ = {isa = PBXFileReference; explicitFileType = wrapper.cfbundle; includeInIndex = 0; path = TumbleTests.xctest; sourceTree = BUILT_PRODUCTS_DIR; };
		A69C6B3229452CA5008F87E1 /* TumbleTests.swift */ = {isa = PBXFileReference; lastKnownFileType = sourcecode.swift; path = TumbleTests.swift; sourceTree = "<group>"; };
		A69C6B3829452CA5008F87E1 /* TumbleUITests.xctest */ = {isa = PBXFileReference; explicitFileType = wrapper.cfbundle; includeInIndex = 0; path = TumbleUITests.xctest; sourceTree = BUILT_PRODUCTS_DIR; };
		A69C6B3C29452CA5008F87E1 /* TumbleUITests.swift */ = {isa = PBXFileReference; lastKnownFileType = sourcecode.swift; path = TumbleUITests.swift; sourceTree = "<group>"; };
		A69C6B3E29452CA5008F87E1 /* TumbleUITestsLaunchTests.swift */ = {isa = PBXFileReference; lastKnownFileType = sourcecode.swift; path = TumbleUITestsLaunchTests.swift; sourceTree = "<group>"; };
		A6EA62F32947DADE007CA1CB /* Grids.swift */ = {isa = PBXFileReference; lastKnownFileType = sourcecode.swift; path = Grids.swift; sourceTree = "<group>"; };
		A6EFA2AA2947EA46003CC7CA /* GridsViewController.swift */ = {isa = PBXFileReference; fileEncoding = 4; lastKnownFileType = sourcecode.swift; path = GridsViewController.swift; sourceTree = "<group>"; };
		A6EFA2AB2947EA46003CC7CA /* GridsTableExtension.swift */ = {isa = PBXFileReference; fileEncoding = 4; lastKnownFileType = sourcecode.swift; path = GridsTableExtension.swift; sourceTree = "<group>"; };
		A6EFA2B3294A4883003CC7CA /* GridsTableViewCell.swift */ = {isa = PBXFileReference; lastKnownFileType = sourcecode.swift; path = GridsTableViewCell.swift; sourceTree = "<group>"; };
		A6EFA2B4294A4883003CC7CA /* GridsTableViewCell.xib */ = {isa = PBXFileReference; lastKnownFileType = file.xib; path = GridsTableViewCell.xib; sourceTree = "<group>"; };
		A6EFA2BA294BA450003CC7CA /* ColorsViewController.swift */ = {isa = PBXFileReference; lastKnownFileType = sourcecode.swift; path = ColorsViewController.swift; sourceTree = "<group>"; };
		A6EFA2BC294BA478003CC7CA /* ColorsTableExtension.swift */ = {isa = PBXFileReference; lastKnownFileType = sourcecode.swift; path = ColorsTableExtension.swift; sourceTree = "<group>"; };
		A6EFA2BE294BA4C2003CC7CA /* ColorsTableViewCell.swift */ = {isa = PBXFileReference; lastKnownFileType = sourcecode.swift; path = ColorsTableViewCell.swift; sourceTree = "<group>"; };
		A6EFA2BF294BA4C2003CC7CA /* ColorsTableViewCell.xib */ = {isa = PBXFileReference; lastKnownFileType = file.xib; path = ColorsTableViewCell.xib; sourceTree = "<group>"; };
		A6EFA2C2294BA4FB003CC7CA /* Colors.storyboard */ = {isa = PBXFileReference; lastKnownFileType = file.storyboard; path = Colors.storyboard; sourceTree = "<group>"; };
		A6EFA2C5294BA65F003CC7CA /* BackTile.swift */ = {isa = PBXFileReference; lastKnownFileType = sourcecode.swift; path = BackTile.swift; sourceTree = "<group>"; };
		A6EFA2C7294BC732003CC7CA /* SettingsEnums.swift */ = {isa = PBXFileReference; fileEncoding = 4; lastKnownFileType = sourcecode.swift; path = SettingsEnums.swift; sourceTree = "<group>"; };
		A6EFA2C9294BC852003CC7CA /* Settings.storyboard */ = {isa = PBXFileReference; lastKnownFileType = file.storyboard; path = Settings.storyboard; sourceTree = "<group>"; };
		A6EFA2CB294BC87C003CC7CA /* SettingsViewController.swift */ = {isa = PBXFileReference; fileEncoding = 4; lastKnownFileType = sourcecode.swift; path = SettingsViewController.swift; sourceTree = "<group>"; };
		A6EFA2CD294BC881003CC7CA /* SettingsTableExtension.swift */ = {isa = PBXFileReference; fileEncoding = 4; lastKnownFileType = sourcecode.swift; path = SettingsTableExtension.swift; sourceTree = "<group>"; };
		A6EFA2CF294BC887003CC7CA /* SettingsCell.swift */ = {isa = PBXFileReference; fileEncoding = 4; lastKnownFileType = sourcecode.swift; path = SettingsCell.swift; sourceTree = "<group>"; };
		A6EFA2D1294C10DD003CC7CA /* BoardModel.swift */ = {isa = PBXFileReference; fileEncoding = 4; lastKnownFileType = sourcecode.swift; path = BoardModel.swift; sourceTree = "<group>"; };
		A6EFA2D5294CF0D9003CC7CA /* Constants.swift */ = {isa = PBXFileReference; fileEncoding = 4; lastKnownFileType = sourcecode.swift; path = Constants.swift; sourceTree = "<group>"; };
		A6EFA2D8294CF7A3003CC7CA /* GameOverViewController.swift */ = {isa = PBXFileReference; fileEncoding = 4; lastKnownFileType = sourcecode.swift; path = GameOverViewController.swift; sourceTree = "<group>"; };
		A6EFA2D9294CF7A3003CC7CA /* GameOver.storyboard */ = {isa = PBXFileReference; fileEncoding = 4; lastKnownFileType = file.storyboard; path = GameOver.storyboard; sourceTree = "<group>"; };
		A6EFA2DD294CF7AA003CC7CA /* Confirmation.storyboard */ = {isa = PBXFileReference; fileEncoding = 4; lastKnownFileType = file.storyboard; path = Confirmation.storyboard; sourceTree = "<group>"; };
		A6EFA2DE294CF7AA003CC7CA /* ConfirmationViewController.swift */ = {isa = PBXFileReference; fileEncoding = 4; lastKnownFileType = sourcecode.swift; path = ConfirmationViewController.swift; sourceTree = "<group>"; };
/* End PBXFileReference section */

/* Begin PBXFrameworksBuildPhase section */
		A69C6B1529452CA3008F87E1 /* Frameworks */ = {
			isa = PBXFrameworksBuildPhase;
			buildActionMask = 2147483647;
			files = (
			);
			runOnlyForDeploymentPostprocessing = 0;
		};
		A69C6B2B29452CA5008F87E1 /* Frameworks */ = {
			isa = PBXFrameworksBuildPhase;
			buildActionMask = 2147483647;
			files = (
			);
			runOnlyForDeploymentPostprocessing = 0;
		};
		A69C6B3529452CA5008F87E1 /* Frameworks */ = {
			isa = PBXFrameworksBuildPhase;
			buildActionMask = 2147483647;
			files = (
			);
			runOnlyForDeploymentPostprocessing = 0;
		};
/* End PBXFrameworksBuildPhase section */

/* Begin PBXGroup section */
		A66534682946FF9B005AF40A /* VCExtensions */ = {
			isa = PBXGroup;
			children = (
				A66534732947A85A005AF40A /* VCButtons.swift */,
				A665346D2947A579005AF40A /* VCGameplay.swift */,
				A66534692946FFB4005AF40A /* VCGestures.swift */,
				A66534752947ABCD005AF40A /* VCVisuals.swift */,
				A63A0D7D294CFFAD0050C674 /* VCDelegate.swift */,
				A63A0D7F294D076F0050C674 /* VCSegues.swift */,
				A63A0D81294D07AD0050C674 /* VCEffects.swift */,
			);
			path = VCExtensions;
			sourceTree = "<group>";
		};
		A66534792947D857005AF40A /* Colors */ = {
			isa = PBXGroup;
			children = (
				A6EFA2C2294BA4FB003CC7CA /* Colors.storyboard */,
				A6EFA2BA294BA450003CC7CA /* ColorsViewController.swift */,
				A6EFA2BC294BA478003CC7CA /* ColorsTableExtension.swift */,
				A6EFA2BF294BA4C2003CC7CA /* ColorsTableViewCell.xib */,
				A6EFA2BE294BA4C2003CC7CA /* ColorsTableViewCell.swift */,
			);
			path = Colors;
			sourceTree = "<group>";
		};
		A66534882947D85C005AF40A /* Settings */ = {
			isa = PBXGroup;
			children = (
				A6EFA2C7294BC732003CC7CA /* SettingsEnums.swift */,
				A6EFA2C9294BC852003CC7CA /* Settings.storyboard */,
				A6EFA2CB294BC87C003CC7CA /* SettingsViewController.swift */,
				A6EFA2CD294BC881003CC7CA /* SettingsTableExtension.swift */,
				A6EFA2CF294BC887003CC7CA /* SettingsCell.swift */,
			);
			path = Settings;
			sourceTree = "<group>";
		};
		A66534892947D861005AF40A /* Grids */ = {
			isa = PBXGroup;
			children = (
				A665348B2947D884005AF40A /* Grids.storyboard */,
				A6EFA2AA2947EA46003CC7CA /* GridsViewController.swift */,
				A6EFA2AB2947EA46003CC7CA /* GridsTableExtension.swift */,
				A6EFA2B4294A4883003CC7CA /* GridsTableViewCell.xib */,
				A6EFA2B3294A4883003CC7CA /* GridsTableViewCell.swift */,
			);
			path = Grids;
			sourceTree = "<group>";
		};
		A69C6B0F29452CA3008F87E1 = {
			isa = PBXGroup;
			children = (
				A69C6B1A29452CA3008F87E1 /* Tumble */,
				A69C6B3129452CA5008F87E1 /* TumbleTests */,
				A69C6B3B29452CA5008F87E1 /* TumbleUITests */,
				A69C6B1929452CA3008F87E1 /* Products */,
			);
			sourceTree = "<group>";
		};
		A69C6B1929452CA3008F87E1 /* Products */ = {
			isa = PBXGroup;
			children = (
				A69C6B1829452CA3008F87E1 /* Tumble.app */,
				A69C6B2E29452CA5008F87E1 /* TumbleTests.xctest */,
				A69C6B3829452CA5008F87E1 /* TumbleUITests.xctest */,
			);
			name = Products;
			sourceTree = "<group>";
		};
		A69C6B1A29452CA3008F87E1 /* Tumble */ = {
			isa = PBXGroup;
			children = (
				A69C6B1B29452CA3008F87E1 /* AppDelegate.swift */,
				A69C6B1D29452CA3008F87E1 /* SceneDelegate.swift */,
				A69C6B2429452CA5008F87E1 /* Assets.xcassets */,
				A69C6B2929452CA5008F87E1 /* Info.plist */,
				A69C6B2129452CA3008F87E1 /* Main.storyboard */,
				A69C6B2629452CA5008F87E1 /* LaunchScreen.storyboard */,
				A69C6B5429453237008F87E1 /* User Interface */,
				A69C6B522945321E008F87E1 /* Gameplay */,
				A69C6B5329453228008F87E1 /* Services */,
			);
			path = Tumble;
			sourceTree = "<group>";
		};
		A69C6B3129452CA5008F87E1 /* TumbleTests */ = {
			isa = PBXGroup;
			children = (
				A69C6B3229452CA5008F87E1 /* TumbleTests.swift */,
			);
			path = TumbleTests;
			sourceTree = "<group>";
		};
		A69C6B3B29452CA5008F87E1 /* TumbleUITests */ = {
			isa = PBXGroup;
			children = (
				A69C6B3C29452CA5008F87E1 /* TumbleUITests.swift */,
				A69C6B3E29452CA5008F87E1 /* TumbleUITestsLaunchTests.swift */,
			);
			path = TumbleUITests;
			sourceTree = "<group>";
		};
		A69C6B522945321E008F87E1 /* Gameplay */ = {
			isa = PBXGroup;
			children = (
				A6EFA2D1294C10DD003CC7CA /* BoardModel.swift */,
				A63A0D7B294CFFA30050C674 /* GameService.swift */,
			);
			path = Gameplay;
			sourceTree = "<group>";
		};
		A69C6B5329453228008F87E1 /* Services */ = {
			isa = PBXGroup;
			children = (
				A66534712947A6E0005AF40A /* Colors.swift */,
				A6EA62F32947DADE007CA1CB /* Grids.swift */,
				A665346F2947A5F8005AF40A /* Defaults.swift */,
				A6EFA2D5294CF0D9003CC7CA /* Constants.swift */,
				A665346B29470072005AF40A /* Util.swift */,
			);
			path = Services;
			sourceTree = "<group>";
		};
		A69C6B5429453237008F87E1 /* User Interface */ = {
			isa = PBXGroup;
			children = (
				A69C6B1F29452CA3008F87E1 /* ViewController.swift */,
				A66534682946FF9B005AF40A /* VCExtensions */,
				A69C6B5529453256008F87E1 /* Components */,
			);
			path = "User Interface";
			sourceTree = "<group>";
		};
		A69C6B5529453256008F87E1 /* Components */ = {
			isa = PBXGroup;
			children = (
				A6EFA2C4294BA616003CC7CA /* Accessories */,
				A6EFA2DC294CF7AA003CC7CA /* Confirmation */,
				A6EFA2D7294CF7A3003CC7CA /* GameOver */,
				A66534892947D861005AF40A /* Grids */,
				A66534792947D857005AF40A /* Colors */,
				A66534882947D85C005AF40A /* Settings */,
			);
			path = Components;
			sourceTree = "<group>";
		};
		A6EFA2C4294BA616003CC7CA /* Accessories */ = {
			isa = PBXGroup;
			children = (
				A6EFA2C5294BA65F003CC7CA /* BackTile.swift */,
				A63A0D79294CFCAF0050C674 /* Tile.swift */,
			);
			path = Accessories;
			sourceTree = "<group>";
		};
		A6EFA2D7294CF7A3003CC7CA /* GameOver */ = {
			isa = PBXGroup;
			children = (
				A6EFA2D8294CF7A3003CC7CA /* GameOverViewController.swift */,
				A6EFA2D9294CF7A3003CC7CA /* GameOver.storyboard */,
			);
			path = GameOver;
			sourceTree = "<group>";
		};
		A6EFA2DC294CF7AA003CC7CA /* Confirmation */ = {
			isa = PBXGroup;
			children = (
				A6EFA2DD294CF7AA003CC7CA /* Confirmation.storyboard */,
				A6EFA2DE294CF7AA003CC7CA /* ConfirmationViewController.swift */,
			);
			path = Confirmation;
			sourceTree = "<group>";
		};
/* End PBXGroup section */

/* Begin PBXNativeTarget section */
		A69C6B1729452CA3008F87E1 /* Tumble */ = {
			isa = PBXNativeTarget;
			buildConfigurationList = A69C6B4229452CA5008F87E1 /* Build configuration list for PBXNativeTarget "Tumble" */;
			buildPhases = (
				A69C6B1429452CA3008F87E1 /* Sources */,
				A69C6B1529452CA3008F87E1 /* Frameworks */,
				A69C6B1629452CA3008F87E1 /* Resources */,
			);
			buildRules = (
			);
			dependencies = (
			);
			name = Tumble;
			productName = Tumble;
			productReference = A69C6B1829452CA3008F87E1 /* Tumble.app */;
			productType = "com.apple.product-type.application";
		};
		A69C6B2D29452CA5008F87E1 /* TumbleTests */ = {
			isa = PBXNativeTarget;
			buildConfigurationList = A69C6B4529452CA5008F87E1 /* Build configuration list for PBXNativeTarget "TumbleTests" */;
			buildPhases = (
				A69C6B2A29452CA5008F87E1 /* Sources */,
				A69C6B2B29452CA5008F87E1 /* Frameworks */,
				A69C6B2C29452CA5008F87E1 /* Resources */,
			);
			buildRules = (
			);
			dependencies = (
				A69C6B3029452CA5008F87E1 /* PBXTargetDependency */,
			);
			name = TumbleTests;
			productName = TumbleTests;
			productReference = A69C6B2E29452CA5008F87E1 /* TumbleTests.xctest */;
			productType = "com.apple.product-type.bundle.unit-test";
		};
		A69C6B3729452CA5008F87E1 /* TumbleUITests */ = {
			isa = PBXNativeTarget;
			buildConfigurationList = A69C6B4829452CA5008F87E1 /* Build configuration list for PBXNativeTarget "TumbleUITests" */;
			buildPhases = (
				A69C6B3429452CA5008F87E1 /* Sources */,
				A69C6B3529452CA5008F87E1 /* Frameworks */,
				A69C6B3629452CA5008F87E1 /* Resources */,
			);
			buildRules = (
			);
			dependencies = (
				A69C6B3A29452CA5008F87E1 /* PBXTargetDependency */,
			);
			name = TumbleUITests;
			productName = TumbleUITests;
			productReference = A69C6B3829452CA5008F87E1 /* TumbleUITests.xctest */;
			productType = "com.apple.product-type.bundle.ui-testing";
		};
/* End PBXNativeTarget section */

/* Begin PBXProject section */
		A69C6B1029452CA3008F87E1 /* Project object */ = {
			isa = PBXProject;
			attributes = {
				BuildIndependentTargetsInParallel = 1;
				LastSwiftUpdateCheck = 1410;
				LastUpgradeCheck = 1410;
				TargetAttributes = {
					A69C6B1729452CA3008F87E1 = {
						CreatedOnToolsVersion = 14.1;
					};
					A69C6B2D29452CA5008F87E1 = {
						CreatedOnToolsVersion = 14.1;
						TestTargetID = A69C6B1729452CA3008F87E1;
					};
					A69C6B3729452CA5008F87E1 = {
						CreatedOnToolsVersion = 14.1;
						TestTargetID = A69C6B1729452CA3008F87E1;
					};
				};
			};
			buildConfigurationList = A69C6B1329452CA3008F87E1 /* Build configuration list for PBXProject "Tumble" */;
			compatibilityVersion = "Xcode 14.0";
			developmentRegion = en;
			hasScannedForEncodings = 0;
			knownRegions = (
				en,
				Base,
			);
			mainGroup = A69C6B0F29452CA3008F87E1;
			productRefGroup = A69C6B1929452CA3008F87E1 /* Products */;
			projectDirPath = "";
			projectRoot = "";
			targets = (
				A69C6B1729452CA3008F87E1 /* Tumble */,
				A69C6B2D29452CA5008F87E1 /* TumbleTests */,
				A69C6B3729452CA5008F87E1 /* TumbleUITests */,
			);
		};
/* End PBXProject section */

/* Begin PBXResourcesBuildPhase section */
		A69C6B1629452CA3008F87E1 /* Resources */ = {
			isa = PBXResourcesBuildPhase;
			buildActionMask = 2147483647;
			files = (
				A6EFA2DB294CF7A3003CC7CA /* GameOver.storyboard in Resources */,
				A6EFA2DF294CF7AA003CC7CA /* Confirmation.storyboard in Resources */,
				A69C6B2829452CA5008F87E1 /* LaunchScreen.storyboard in Resources */,
				A6EFA2C1294BA4C2003CC7CA /* ColorsTableViewCell.xib in Resources */,
				A6EFA2C3294BA4FB003CC7CA /* Colors.storyboard in Resources */,
				A6EFA2CA294BC852003CC7CA /* Settings.storyboard in Resources */,
				A69C6B2529452CA5008F87E1 /* Assets.xcassets in Resources */,
				A6EFA2B6294A4883003CC7CA /* GridsTableViewCell.xib in Resources */,
				A665348D2947D884005AF40A /* Grids.storyboard in Resources */,
				A69C6B2329452CA3008F87E1 /* Main.storyboard in Resources */,
			);
			runOnlyForDeploymentPostprocessing = 0;
		};
		A69C6B2C29452CA5008F87E1 /* Resources */ = {
			isa = PBXResourcesBuildPhase;
			buildActionMask = 2147483647;
			files = (
			);
			runOnlyForDeploymentPostprocessing = 0;
		};
		A69C6B3629452CA5008F87E1 /* Resources */ = {
			isa = PBXResourcesBuildPhase;
			buildActionMask = 2147483647;
			files = (
			);
			runOnlyForDeploymentPostprocessing = 0;
		};
/* End PBXResourcesBuildPhase section */

/* Begin PBXSourcesBuildPhase section */
		A69C6B1429452CA3008F87E1 /* Sources */ = {
			isa = PBXSourcesBuildPhase;
			buildActionMask = 2147483647;
			files = (
				A69C6B2029452CA3008F87E1 /* ViewController.swift in Sources */,
				A66534742947A85A005AF40A /* VCButtons.swift in Sources */,
				A6EFA2AE2947EA46003CC7CA /* GridsTableExtension.swift in Sources */,
				A6EFA2CC294BC87C003CC7CA /* SettingsViewController.swift in Sources */,
				A66534702947A5F8005AF40A /* Defaults.swift in Sources */,
				A69C6B1C29452CA3008F87E1 /* AppDelegate.swift in Sources */,
				A6EFA2CE294BC881003CC7CA /* SettingsTableExtension.swift in Sources */,
				A66534762947ABCD005AF40A /* VCVisuals.swift in Sources */,
				A665346E2947A579005AF40A /* VCGameplay.swift in Sources */,
				A6EFA2DA294CF7A3003CC7CA /* GameOverViewController.swift in Sources */,
				A63A0D80294D076F0050C674 /* VCSegues.swift in Sources */,
				A6EFA2C0294BA4C2003CC7CA /* ColorsTableViewCell.swift in Sources */,
				A63A0D7E294CFFAD0050C674 /* VCDelegate.swift in Sources */,
				A6EFA2D0294BC887003CC7CA /* SettingsCell.swift in Sources */,
				A63A0D82294D07AD0050C674 /* VCEffects.swift in Sources */,
				A665346C29470072005AF40A /* Util.swift in Sources */,
				A6EFA2C8294BC732003CC7CA /* SettingsEnums.swift in Sources */,
				A63A0D7A294CFCAF0050C674 /* Tile.swift in Sources */,
				A63A0D7C294CFFA30050C674 /* GameService.swift in Sources */,
				A6EA62F42947DADE007CA1CB /* Grids.swift in Sources */,
				A6EFA2D2294C10DD003CC7CA /* BoardModel.swift in Sources */,
				A66534722947A6E0005AF40A /* Colors.swift in Sources */,
				A6EFA2BB294BA450003CC7CA /* ColorsViewController.swift in Sources */,
				A665346A2946FFB4005AF40A /* VCGestures.swift in Sources */,
				A6EFA2BD294BA478003CC7CA /* ColorsTableExtension.swift in Sources */,
				A69C6B1E29452CA3008F87E1 /* SceneDelegate.swift in Sources */,
				A6EFA2C6294BA65F003CC7CA /* BackTile.swift in Sources */,
				A6EFA2AD2947EA46003CC7CA /* GridsViewController.swift in Sources */,
				A6EFA2B5294A4883003CC7CA /* GridsTableViewCell.swift in Sources */,
				A6EFA2E0294CF7AA003CC7CA /* ConfirmationViewController.swift in Sources */,
				A6EFA2D6294CF0D9003CC7CA /* Constants.swift in Sources */,
			);
			runOnlyForDeploymentPostprocessing = 0;
		};
		A69C6B2A29452CA5008F87E1 /* Sources */ = {
			isa = PBXSourcesBuildPhase;
			buildActionMask = 2147483647;
			files = (
				A69C6B3329452CA5008F87E1 /* TumbleTests.swift in Sources */,
			);
			runOnlyForDeploymentPostprocessing = 0;
		};
		A69C6B3429452CA5008F87E1 /* Sources */ = {
			isa = PBXSourcesBuildPhase;
			buildActionMask = 2147483647;
			files = (
				A69C6B3D29452CA5008F87E1 /* TumbleUITests.swift in Sources */,
				A69C6B3F29452CA5008F87E1 /* TumbleUITestsLaunchTests.swift in Sources */,
			);
			runOnlyForDeploymentPostprocessing = 0;
		};
/* End PBXSourcesBuildPhase section */

/* Begin PBXTargetDependency section */
		A69C6B3029452CA5008F87E1 /* PBXTargetDependency */ = {
			isa = PBXTargetDependency;
			target = A69C6B1729452CA3008F87E1 /* Tumble */;
			targetProxy = A69C6B2F29452CA5008F87E1 /* PBXContainerItemProxy */;
		};
		A69C6B3A29452CA5008F87E1 /* PBXTargetDependency */ = {
			isa = PBXTargetDependency;
			target = A69C6B1729452CA3008F87E1 /* Tumble */;
			targetProxy = A69C6B3929452CA5008F87E1 /* PBXContainerItemProxy */;
		};
/* End PBXTargetDependency section */

/* Begin PBXVariantGroup section */
		A69C6B2129452CA3008F87E1 /* Main.storyboard */ = {
			isa = PBXVariantGroup;
			children = (
				A69C6B2229452CA3008F87E1 /* Base */,
			);
			name = Main.storyboard;
			sourceTree = "<group>";
		};
		A69C6B2629452CA5008F87E1 /* LaunchScreen.storyboard */ = {
			isa = PBXVariantGroup;
			children = (
				A69C6B2729452CA5008F87E1 /* Base */,
			);
			name = LaunchScreen.storyboard;
			sourceTree = "<group>";
		};
/* End PBXVariantGroup section */

/* Begin XCBuildConfiguration section */
		A69C6B4029452CA5008F87E1 /* Debug */ = {
			isa = XCBuildConfiguration;
			buildSettings = {
				ALWAYS_SEARCH_USER_PATHS = NO;
				CLANG_ANALYZER_NONNULL = YES;
				CLANG_ANALYZER_NUMBER_OBJECT_CONVERSION = YES_AGGRESSIVE;
				CLANG_CXX_LANGUAGE_STANDARD = "gnu++20";
				CLANG_ENABLE_MODULES = YES;
				CLANG_ENABLE_OBJC_ARC = YES;
				CLANG_ENABLE_OBJC_WEAK = YES;
				CLANG_WARN_BLOCK_CAPTURE_AUTORELEASING = YES;
				CLANG_WARN_BOOL_CONVERSION = YES;
				CLANG_WARN_COMMA = YES;
				CLANG_WARN_CONSTANT_CONVERSION = YES;
				CLANG_WARN_DEPRECATED_OBJC_IMPLEMENTATIONS = YES;
				CLANG_WARN_DIRECT_OBJC_ISA_USAGE = YES_ERROR;
				CLANG_WARN_DOCUMENTATION_COMMENTS = YES;
				CLANG_WARN_EMPTY_BODY = YES;
				CLANG_WARN_ENUM_CONVERSION = YES;
				CLANG_WARN_INFINITE_RECURSION = YES;
				CLANG_WARN_INT_CONVERSION = YES;
				CLANG_WARN_NON_LITERAL_NULL_CONVERSION = YES;
				CLANG_WARN_OBJC_IMPLICIT_RETAIN_SELF = YES;
				CLANG_WARN_OBJC_LITERAL_CONVERSION = YES;
				CLANG_WARN_OBJC_ROOT_CLASS = YES_ERROR;
				CLANG_WARN_QUOTED_INCLUDE_IN_FRAMEWORK_HEADER = YES;
				CLANG_WARN_RANGE_LOOP_ANALYSIS = YES;
				CLANG_WARN_STRICT_PROTOTYPES = YES;
				CLANG_WARN_SUSPICIOUS_MOVE = YES;
				CLANG_WARN_UNGUARDED_AVAILABILITY = YES_AGGRESSIVE;
				CLANG_WARN_UNREACHABLE_CODE = YES;
				CLANG_WARN__DUPLICATE_METHOD_MATCH = YES;
				COPY_PHASE_STRIP = NO;
				DEBUG_INFORMATION_FORMAT = dwarf;
				ENABLE_STRICT_OBJC_MSGSEND = YES;
				ENABLE_TESTABILITY = YES;
				GCC_C_LANGUAGE_STANDARD = gnu11;
				GCC_DYNAMIC_NO_PIC = NO;
				GCC_NO_COMMON_BLOCKS = YES;
				GCC_OPTIMIZATION_LEVEL = 0;
				GCC_PREPROCESSOR_DEFINITIONS = (
					"DEBUG=1",
					"$(inherited)",
				);
				GCC_WARN_64_TO_32_BIT_CONVERSION = YES;
				GCC_WARN_ABOUT_RETURN_TYPE = YES_ERROR;
				GCC_WARN_UNDECLARED_SELECTOR = YES;
				GCC_WARN_UNINITIALIZED_AUTOS = YES_AGGRESSIVE;
				GCC_WARN_UNUSED_FUNCTION = YES;
				GCC_WARN_UNUSED_VARIABLE = YES;
				IPHONEOS_DEPLOYMENT_TARGET = 16.1;
				MTL_ENABLE_DEBUG_INFO = INCLUDE_SOURCE;
				MTL_FAST_MATH = YES;
				ONLY_ACTIVE_ARCH = YES;
				SDKROOT = iphoneos;
				SWIFT_ACTIVE_COMPILATION_CONDITIONS = DEBUG;
				SWIFT_OPTIMIZATION_LEVEL = "-Onone";
			};
			name = Debug;
		};
		A69C6B4129452CA5008F87E1 /* Release */ = {
			isa = XCBuildConfiguration;
			buildSettings = {
				ALWAYS_SEARCH_USER_PATHS = NO;
				CLANG_ANALYZER_NONNULL = YES;
				CLANG_ANALYZER_NUMBER_OBJECT_CONVERSION = YES_AGGRESSIVE;
				CLANG_CXX_LANGUAGE_STANDARD = "gnu++20";
				CLANG_ENABLE_MODULES = YES;
				CLANG_ENABLE_OBJC_ARC = YES;
				CLANG_ENABLE_OBJC_WEAK = YES;
				CLANG_WARN_BLOCK_CAPTURE_AUTORELEASING = YES;
				CLANG_WARN_BOOL_CONVERSION = YES;
				CLANG_WARN_COMMA = YES;
				CLANG_WARN_CONSTANT_CONVERSION = YES;
				CLANG_WARN_DEPRECATED_OBJC_IMPLEMENTATIONS = YES;
				CLANG_WARN_DIRECT_OBJC_ISA_USAGE = YES_ERROR;
				CLANG_WARN_DOCUMENTATION_COMMENTS = YES;
				CLANG_WARN_EMPTY_BODY = YES;
				CLANG_WARN_ENUM_CONVERSION = YES;
				CLANG_WARN_INFINITE_RECURSION = YES;
				CLANG_WARN_INT_CONVERSION = YES;
				CLANG_WARN_NON_LITERAL_NULL_CONVERSION = YES;
				CLANG_WARN_OBJC_IMPLICIT_RETAIN_SELF = YES;
				CLANG_WARN_OBJC_LITERAL_CONVERSION = YES;
				CLANG_WARN_OBJC_ROOT_CLASS = YES_ERROR;
				CLANG_WARN_QUOTED_INCLUDE_IN_FRAMEWORK_HEADER = YES;
				CLANG_WARN_RANGE_LOOP_ANALYSIS = YES;
				CLANG_WARN_STRICT_PROTOTYPES = YES;
				CLANG_WARN_SUSPICIOUS_MOVE = YES;
				CLANG_WARN_UNGUARDED_AVAILABILITY = YES_AGGRESSIVE;
				CLANG_WARN_UNREACHABLE_CODE = YES;
				CLANG_WARN__DUPLICATE_METHOD_MATCH = YES;
				COPY_PHASE_STRIP = NO;
				DEBUG_INFORMATION_FORMAT = "dwarf-with-dsym";
				ENABLE_NS_ASSERTIONS = NO;
				ENABLE_STRICT_OBJC_MSGSEND = YES;
				GCC_C_LANGUAGE_STANDARD = gnu11;
				GCC_NO_COMMON_BLOCKS = YES;
				GCC_WARN_64_TO_32_BIT_CONVERSION = YES;
				GCC_WARN_ABOUT_RETURN_TYPE = YES_ERROR;
				GCC_WARN_UNDECLARED_SELECTOR = YES;
				GCC_WARN_UNINITIALIZED_AUTOS = YES_AGGRESSIVE;
				GCC_WARN_UNUSED_FUNCTION = YES;
				GCC_WARN_UNUSED_VARIABLE = YES;
				IPHONEOS_DEPLOYMENT_TARGET = 16.1;
				MTL_ENABLE_DEBUG_INFO = NO;
				MTL_FAST_MATH = YES;
				SDKROOT = iphoneos;
				SWIFT_COMPILATION_MODE = wholemodule;
				SWIFT_OPTIMIZATION_LEVEL = "-O";
				VALIDATE_PRODUCT = YES;
			};
			name = Release;
		};
		A69C6B4329452CA5008F87E1 /* Debug */ = {
			isa = XCBuildConfiguration;
			buildSettings = {
				ASSETCATALOG_COMPILER_APPICON_NAME = AppIcon;
				ASSETCATALOG_COMPILER_GLOBAL_ACCENT_COLOR_NAME = AccentColor;
				CODE_SIGN_STYLE = Automatic;
				CURRENT_PROJECT_VERSION = 1;
				DEVELOPMENT_TEAM = M85HKL6RX6;
				GENERATE_INFOPLIST_FILE = YES;
				INFOPLIST_FILE = Tumble/Info.plist;
				INFOPLIST_KEY_CFBundleDisplayName = Tumble;
				INFOPLIST_KEY_LSApplicationCategoryType = "public.app-category.puzzle-games";
				INFOPLIST_KEY_UIApplicationSupportsIndirectInputEvents = YES;
				INFOPLIST_KEY_UILaunchStoryboardName = LaunchScreen;
				INFOPLIST_KEY_UIMainStoryboardFile = Main;
				INFOPLIST_KEY_UIRequiresFullScreen = YES;
				INFOPLIST_KEY_UISupportedInterfaceOrientations = UIInterfaceOrientationPortrait;
				IPHONEOS_DEPLOYMENT_TARGET = 15.0;
				LD_RUNPATH_SEARCH_PATHS = (
					"$(inherited)",
					"@executable_path/Frameworks",
				);
				MARKETING_VERSION = 1.0;
				PRODUCT_BUNDLE_IDENTIFIER = danielkweon.Tumble;
				PRODUCT_NAME = "$(TARGET_NAME)";
				SWIFT_EMIT_LOC_STRINGS = YES;
				SWIFT_VERSION = 5.0;
				TARGETED_DEVICE_FAMILY = "1,2";
			};
			name = Debug;
		};
		A69C6B4429452CA5008F87E1 /* Release */ = {
			isa = XCBuildConfiguration;
			buildSettings = {
				ASSETCATALOG_COMPILER_APPICON_NAME = AppIcon;
				ASSETCATALOG_COMPILER_GLOBAL_ACCENT_COLOR_NAME = AccentColor;
				CODE_SIGN_STYLE = Automatic;
				CURRENT_PROJECT_VERSION = 1;
				DEVELOPMENT_TEAM = M85HKL6RX6;
				GENERATE_INFOPLIST_FILE = YES;
				INFOPLIST_FILE = Tumble/Info.plist;
				INFOPLIST_KEY_CFBundleDisplayName = Tumble;
				INFOPLIST_KEY_LSApplicationCategoryType = "public.app-category.puzzle-games";
				INFOPLIST_KEY_UIApplicationSupportsIndirectInputEvents = YES;
				INFOPLIST_KEY_UILaunchStoryboardName = LaunchScreen;
				INFOPLIST_KEY_UIMainStoryboardFile = Main;
				INFOPLIST_KEY_UIRequiresFullScreen = YES;
				INFOPLIST_KEY_UISupportedInterfaceOrientations = UIInterfaceOrientationPortrait;
				IPHONEOS_DEPLOYMENT_TARGET = 15.0;
				LD_RUNPATH_SEARCH_PATHS = (
					"$(inherited)",
					"@executable_path/Frameworks",
				);
				MARKETING_VERSION = 1.0;
				PRODUCT_BUNDLE_IDENTIFIER = danielkweon.Tumble;
				PRODUCT_NAME = "$(TARGET_NAME)";
				SWIFT_EMIT_LOC_STRINGS = YES;
				SWIFT_VERSION = 5.0;
				TARGETED_DEVICE_FAMILY = "1,2";
			};
			name = Release;
		};
		A69C6B4629452CA5008F87E1 /* Debug */ = {
			isa = XCBuildConfiguration;
			buildSettings = {
				ALWAYS_EMBED_SWIFT_STANDARD_LIBRARIES = YES;
				BUNDLE_LOADER = "$(TEST_HOST)";
				CODE_SIGN_STYLE = Automatic;
				CURRENT_PROJECT_VERSION = 1;
				DEVELOPMENT_TEAM = M85HKL6RX6;
				GENERATE_INFOPLIST_FILE = YES;
				IPHONEOS_DEPLOYMENT_TARGET = 16.1;
				MARKETING_VERSION = 1.0;
				PRODUCT_BUNDLE_IDENTIFIER = danielkweon.TumbleTests;
				PRODUCT_NAME = "$(TARGET_NAME)";
				SWIFT_EMIT_LOC_STRINGS = NO;
				SWIFT_VERSION = 5.0;
				TARGETED_DEVICE_FAMILY = "1,2";
				TEST_HOST = "$(BUILT_PRODUCTS_DIR)/Tumble.app/$(BUNDLE_EXECUTABLE_FOLDER_PATH)/Tumble";
			};
			name = Debug;
		};
		A69C6B4729452CA5008F87E1 /* Release */ = {
			isa = XCBuildConfiguration;
			buildSettings = {
				ALWAYS_EMBED_SWIFT_STANDARD_LIBRARIES = YES;
				BUNDLE_LOADER = "$(TEST_HOST)";
				CODE_SIGN_STYLE = Automatic;
				CURRENT_PROJECT_VERSION = 1;
				DEVELOPMENT_TEAM = M85HKL6RX6;
				GENERATE_INFOPLIST_FILE = YES;
				IPHONEOS_DEPLOYMENT_TARGET = 16.1;
				MARKETING_VERSION = 1.0;
				PRODUCT_BUNDLE_IDENTIFIER = danielkweon.TumbleTests;
				PRODUCT_NAME = "$(TARGET_NAME)";
				SWIFT_EMIT_LOC_STRINGS = NO;
				SWIFT_VERSION = 5.0;
				TARGETED_DEVICE_FAMILY = "1,2";
				TEST_HOST = "$(BUILT_PRODUCTS_DIR)/Tumble.app/$(BUNDLE_EXECUTABLE_FOLDER_PATH)/Tumble";
			};
			name = Release;
		};
		A69C6B4929452CA5008F87E1 /* Debug */ = {
			isa = XCBuildConfiguration;
			buildSettings = {
				ALWAYS_EMBED_SWIFT_STANDARD_LIBRARIES = YES;
				CODE_SIGN_STYLE = Automatic;
				CURRENT_PROJECT_VERSION = 1;
				DEVELOPMENT_TEAM = M85HKL6RX6;
				GENERATE_INFOPLIST_FILE = YES;
				MARKETING_VERSION = 1.0;
				PRODUCT_BUNDLE_IDENTIFIER = danielkweon.TumbleUITests;
				PRODUCT_NAME = "$(TARGET_NAME)";
				SWIFT_EMIT_LOC_STRINGS = NO;
				SWIFT_VERSION = 5.0;
				TARGETED_DEVICE_FAMILY = "1,2";
				TEST_TARGET_NAME = Tumble;
			};
			name = Debug;
		};
		A69C6B4A29452CA5008F87E1 /* Release */ = {
			isa = XCBuildConfiguration;
			buildSettings = {
				ALWAYS_EMBED_SWIFT_STANDARD_LIBRARIES = YES;
				CODE_SIGN_STYLE = Automatic;
				CURRENT_PROJECT_VERSION = 1;
				DEVELOPMENT_TEAM = M85HKL6RX6;
				GENERATE_INFOPLIST_FILE = YES;
				MARKETING_VERSION = 1.0;
				PRODUCT_BUNDLE_IDENTIFIER = danielkweon.TumbleUITests;
				PRODUCT_NAME = "$(TARGET_NAME)";
				SWIFT_EMIT_LOC_STRINGS = NO;
				SWIFT_VERSION = 5.0;
				TARGETED_DEVICE_FAMILY = "1,2";
				TEST_TARGET_NAME = Tumble;
			};
			name = Release;
		};
/* End XCBuildConfiguration section */

/* Begin XCConfigurationList section */
		A69C6B1329452CA3008F87E1 /* Build configuration list for PBXProject "Tumble" */ = {
			isa = XCConfigurationList;
			buildConfigurations = (
				A69C6B4029452CA5008F87E1 /* Debug */,
				A69C6B4129452CA5008F87E1 /* Release */,
			);
			defaultConfigurationIsVisible = 0;
			defaultConfigurationName = Release;
		};
		A69C6B4229452CA5008F87E1 /* Build configuration list for PBXNativeTarget "Tumble" */ = {
			isa = XCConfigurationList;
			buildConfigurations = (
				A69C6B4329452CA5008F87E1 /* Debug */,
				A69C6B4429452CA5008F87E1 /* Release */,
			);
			defaultConfigurationIsVisible = 0;
			defaultConfigurationName = Release;
		};
		A69C6B4529452CA5008F87E1 /* Build configuration list for PBXNativeTarget "TumbleTests" */ = {
			isa = XCConfigurationList;
			buildConfigurations = (
				A69C6B4629452CA5008F87E1 /* Debug */,
				A69C6B4729452CA5008F87E1 /* Release */,
			);
			defaultConfigurationIsVisible = 0;
			defaultConfigurationName = Release;
		};
		A69C6B4829452CA5008F87E1 /* Build configuration list for PBXNativeTarget "TumbleUITests" */ = {
			isa = XCConfigurationList;
			buildConfigurations = (
				A69C6B4929452CA5008F87E1 /* Debug */,
				A69C6B4A29452CA5008F87E1 /* Release */,
			);
			defaultConfigurationIsVisible = 0;
			defaultConfigurationName = Release;
		};
/* End XCConfigurationList section */
	};
	rootObject = A69C6B1029452CA3008F87E1 /* Project object */;
}
